# THIS IS AN AUTOGENERATED FILE. DO NOT EDIT THIS FILE DIRECTLY.
# yarn lockfile v1


"@rollup/pluginutils@^4.2.1":
  "integrity" "sha512-iKnFXr7NkdZAIHiIWE+BX5ULi/ucVFYWD6TbAV+rZctiRTY2PL6tsIKhoIOaoskiWAkgu+VsbXgUVDNLHf+InQ=="
  "resolved" "https://registry.npmjs.org/@rollup/pluginutils/-/pluginutils-4.2.1.tgz"
  "version" "4.2.1"
  dependencies:
    "estree-walker" "^2.0.1"
    "picomatch" "^2.2.2"

"@sveltejs/vite-plugin-svelte@^1.0.0-next.30":
  "integrity" "sha512-AKh0Ka8EDgidnxWUs8Hh2iZLZovkETkefO99XxZ4sW4WGJ7VFeBx5kH/NIIGlaNHLcrIvK3CK0HkZwC3Cici0A=="
  "resolved" "https://registry.npmjs.org/@sveltejs/vite-plugin-svelte/-/vite-plugin-svelte-1.0.0-next.49.tgz"
  "version" "1.0.0-next.49"
  dependencies:
    "@rollup/pluginutils" "^4.2.1"
    "debug" "^4.3.4"
    "deepmerge" "^4.2.2"
    "kleur" "^4.1.4"
    "magic-string" "^0.26.2"
    "svelte-hmr" "^0.14.12"

"debug@^4.3.4":
  "integrity" "sha512-PRWFHuSU3eDtQJPvnNY7Jcket1j0t5OuOsFzPPzsekD52Zl8qUfFIPEiswXqIvHWGVHOgX+7G/vCNNhehwxfkQ=="
  "resolved" "https://registry.npmjs.org/debug/-/debug-4.3.4.tgz"
  "version" "4.3.4"
  dependencies:
    "ms" "2.1.2"

"dedent-js@^1.0.1":
  "integrity" "sha512-OUepMozQULMLUmhxS95Vudo0jb0UchLimi3+pQ2plj61Fcy8axbP9hbiD4Sz6DPqn6XG3kfmziVfQ1rSys5AJQ=="
  "resolved" "https://registry.npmjs.org/dedent-js/-/dedent-js-1.0.1.tgz"
  "version" "1.0.1"

"deepmerge@^4.2.2":
  "integrity" "sha512-FJ3UgI4gIl+PHZm53knsuSFpE+nESMr7M4v9QcgB7S63Kj/6WqMiFQJpBBYz1Pt+66bZpP3Q7Lye0Oo9MPKEdg=="
  "resolved" "https://registry.npmjs.org/deepmerge/-/deepmerge-4.2.2.tgz"
  "version" "4.2.2"

"esbuild-windows-64@0.14.43":
  "integrity" "sha512-8NsuNfI8xwFuJbrCuI+aBqNTYkrWErejFO5aYM+yHqyHuL8mmepLS9EPzAzk8rvfaJrhN0+RvKWAcymViHOKEw=="
  "resolved" "https://registry.npmjs.org/esbuild-windows-64/-/esbuild-windows-64-0.14.43.tgz"
  "version" "0.14.43"

"esbuild@^0.14.27":
  "integrity" "sha512-Uf94+kQmy/5jsFwKWiQB4hfo/RkM9Dh7b79p8yqd1tshULdr25G2szLz631NoH3s2ujnKEKVD16RmOxvCNKRFA=="
  "resolved" "https://registry.npmjs.org/esbuild/-/esbuild-0.14.43.tgz"
  "version" "0.14.43"
  optionalDependencies:
    "esbuild-android-64" "0.14.43"
    "esbuild-android-arm64" "0.14.43"
    "esbuild-darwin-64" "0.14.43"
    "esbuild-darwin-arm64" "0.14.43"
    "esbuild-freebsd-64" "0.14.43"
    "esbuild-freebsd-arm64" "0.14.43"
    "esbuild-linux-32" "0.14.43"
    "esbuild-linux-64" "0.14.43"
    "esbuild-linux-arm" "0.14.43"
    "esbuild-linux-arm64" "0.14.43"
    "esbuild-linux-mips64le" "0.14.43"
    "esbuild-linux-ppc64le" "0.14.43"
    "esbuild-linux-riscv64" "0.14.43"
    "esbuild-linux-s390x" "0.14.43"
    "esbuild-netbsd-64" "0.14.43"
    "esbuild-openbsd-64" "0.14.43"
    "esbuild-sunos-64" "0.14.43"
    "esbuild-windows-32" "0.14.43"
    "esbuild-windows-64" "0.14.43"
    "esbuild-windows-arm64" "0.14.43"

"estree-walker@^2.0.1":
  "integrity" "sha512-Rfkk/Mp/DL7JVje3u18FxFujQlTNR2q6QfMSMB7AvCBx91NGj/ba3kCfza0f6dVDbw7YlRf/nDrn7pQrCCyQ/w=="
  "resolved" "https://registry.npmjs.org/estree-walker/-/estree-walker-2.0.2.tgz"
  "version" "2.0.2"

"function-bind@^1.1.1":
  "integrity" "sha512-yIovAzMX49sF8Yl58fSCWJ5svSLuaibPxXQJFLmBObTuCr0Mf1KiPopGM9NiFjiYBCbfaa2Fh6breQ6ANVTI0A=="
  "resolved" "https://registry.npmjs.org/function-bind/-/function-bind-1.1.1.tgz"
  "version" "1.1.1"

"has@^1.0.3":
  "integrity" "sha512-f2dvO0VU6Oej7RkWJGrehjbzMAjFp5/VKPp5tTpWIV4JHHZK1/BxbFRtf/siA2SWTe09caDmVtYYzWEIbBS4zw=="
  "resolved" "https://registry.npmjs.org/has/-/has-1.0.3.tgz"
  "version" "1.0.3"
  dependencies:
    "function-bind" "^1.1.1"

"is-core-module@^2.8.1":
  "integrity" "sha512-+5FPy5PnwmO3lvfMb0AsoPaBG+5KHUI0wYFXOtYPnVVVspTFUuMZNfNaNVRt3FZadstu2c8x23vykRW/NBoU6A=="
  "resolved" "https://registry.npmjs.org/is-core-module/-/is-core-module-2.9.0.tgz"
  "version" "2.9.0"
  dependencies:
    "has" "^1.0.3"

"kleur@^4.1.4":
  "integrity" "sha512-8QADVssbrFjivHWQU7KkMgptGTl6WAcSdlbBPY4uNF+mWr6DGcKrvY2w4FQJoXch7+fKMjj0dRrL75vk3k23OA=="
  "resolved" "https://registry.npmjs.org/kleur/-/kleur-4.1.4.tgz"
  "version" "4.1.4"

"lower-case@^2.0.2":
  "integrity" "sha512-7fm3l3NAF9WfN6W3JOmf5drwpVqX78JtoGJ3A6W0a6ZnldM41w2fV5D490psKFTpMds8TJse/eHLFFsNHHjHgg=="
  "resolved" "https://registry.npmjs.org/lower-case/-/lower-case-2.0.2.tgz"
  "version" "2.0.2"
  dependencies:
    "tslib" "^2.0.3"

"magic-string@^0.26.2":
  "integrity" "sha512-NzzlXpclt5zAbmo6h6jNc8zl2gNRGHvmsZW4IvZhTC4W7k4OlLP+S5YLussa/r3ixNT66KOQfNORlXHSOy/X4A=="
  "resolved" "https://registry.npmjs.org/magic-string/-/magic-string-0.26.2.tgz"
  "version" "0.26.2"
  dependencies:
    "sourcemap-codec" "^1.4.8"

"ms@2.1.2":
  "integrity" "sha512-sGkPx+VjMtmA6MX27oA4FBFELFCZZ4S4XqeGOXCv68tT+jb3vk/RyaKWP0PTKyWtmLSM0b+adUTEvbs1PEaH2w=="
  "resolved" "https://registry.npmjs.org/ms/-/ms-2.1.2.tgz"
  "version" "2.1.2"

"nanoid@^3.3.4":
  "integrity" "sha512-MqBkQh/OHTS2egovRtLk45wEyNXwF+cokD+1YPf9u5VfJiRdAiRwB2froX5Co9Rh20xs4siNPm8naNotSD6RBw=="
  "resolved" "https://registry.npmjs.org/nanoid/-/nanoid-3.3.4.tgz"
  "version" "3.3.4"

"no-case@^3.0.4":
  "integrity" "sha512-fgAN3jGAh+RoxUGZHTSOLJIqUc2wmoBwGR4tbpNAKmmovFoWq0OdRkb0VkldReO2a2iBT/OEulG9XSUc10r3zg=="
  "resolved" "https://registry.npmjs.org/no-case/-/no-case-3.0.4.tgz"
  "version" "3.0.4"
  dependencies:
    "lower-case" "^2.0.2"
    "tslib" "^2.0.3"

"pascal-case@^3.1.1":
  "integrity" "sha512-uWlGT3YSnK9x3BQJaOdcZwrnV6hPpd8jFH1/ucpiLRPh/2zCVJKS19E4GvYHvaCcACn3foXZ0cLB9Wrx1KGe5g=="
  "resolved" "https://registry.npmjs.org/pascal-case/-/pascal-case-3.1.2.tgz"
  "version" "3.1.2"
  dependencies:
    "no-case" "^3.0.4"
    "tslib" "^2.0.3"

"path-parse@^1.0.7":
  "integrity" "sha512-LDJzPVEEEPR+y48z93A0Ed0yXb8pAByGWo/k5YYdYgpY2/2EsOsksJrq7lOHxryrVOn1ejG6oAp8ahvOIQD8sw=="
  "resolved" "https://registry.npmjs.org/path-parse/-/path-parse-1.0.7.tgz"
  "version" "1.0.7"

"picocolors@^1.0.0":
  "integrity" "sha512-1fygroTLlHu66zi26VoTDv8yRgm0Fccecssto+MhsZ0D/DGW2sm8E8AjW7NU5VVTRt5GxbeZ5qBuJr+HyLYkjQ=="
  "resolved" "https://registry.npmjs.org/picocolors/-/picocolors-1.0.0.tgz"
  "version" "1.0.0"

"picomatch@^2.2.2":
  "integrity" "sha512-JU3teHTNjmE2VCGFzuY8EXzCDVwEqB2a8fsIvwaStHhAWJEeVd1o1QD80CU6+ZdEXXSLbSsuLwJjkCBWqRQUVA=="
  "resolved" "https://registry.npmjs.org/picomatch/-/picomatch-2.3.1.tgz"
  "version" "2.3.1"

"postcss@^8.4.13":
  "integrity" "sha512-E398TUmfAYFPBSdzgeieK2Y1+1cpdxJx8yXbK/m57nRhKSmk1GB2tO4lbLBtlkfPQTDKfe4Xqv1ASWPpayPEig=="
  "resolved" "https://registry.npmjs.org/postcss/-/postcss-8.4.14.tgz"
  "version" "8.4.14"
  dependencies:
    "nanoid" "^3.3.4"
    "picocolors" "^1.0.0"
    "source-map-js" "^1.0.2"

"resolve@^1.22.0":
  "integrity" "sha512-Hhtrw0nLeSrFQ7phPp4OOcVjLPIeMnRlr5mcnVuMe7M/7eBn98A3hmFRLoFo3DLZkivSYwhRUJTyPyWAk56WLw=="
  "resolved" "https://registry.npmjs.org/resolve/-/resolve-1.22.0.tgz"
  "version" "1.22.0"
  dependencies:
    "is-core-module" "^2.8.1"
    "path-parse" "^1.0.7"
    "supports-preserve-symlinks-flag" "^1.0.0"

"rollup@^2.59.0":
  "integrity" "sha512-OEf0TgpC9vU6WGROJIk1JA3LR5vk/yvqlzxqdrE2CzzXnqKXNzbAwlWUXis8RS3ZPe7LAq+YUxsRa0l3r27MLA=="
  "resolved" "https://registry.npmjs.org/rollup/-/rollup-2.75.6.tgz"
  "version" "2.75.6"
  optionalDependencies:
    "fsevents" "~2.3.2"

"source-map-js@^1.0.2":
  "integrity" "sha512-R0XvVJ9WusLiqTCEiGCmICCMplcCkIwwR11mOSD9CR5u+IXYdiseeEuXCVAjS54zqwkLcPNnmU4OeJ6tUrWhDw=="
  "resolved" "https://registry.npmjs.org/source-map-js/-/source-map-js-1.0.2.tgz"
  "version" "1.0.2"

"sourcemap-codec@^1.4.8":
  "integrity" "sha512-9NykojV5Uih4lgo5So5dtw+f0JgJX30KCNI8gwhz2J9A15wD0Ml6tjHKwf6fTSa6fAdVBdZeNOs9eJ71qCk8vA=="
  "resolved" "https://registry.npmjs.org/sourcemap-codec/-/sourcemap-codec-1.4.8.tgz"
  "version" "1.4.8"

"supports-preserve-symlinks-flag@^1.0.0":
  "integrity" "sha512-ot0WnXS9fgdkgIcePe6RHNk1WA8+muPa6cSjeR3V8K27q9BB1rTE3R1p7Hv0z1ZyAc8s6Vvv8DIyWf681MAt0w=="
  "resolved" "https://registry.npmjs.org/supports-preserve-symlinks-flag/-/supports-preserve-symlinks-flag-1.0.0.tgz"
  "version" "1.0.0"

"svelte-hmr@^0.14.12":
  "integrity" "sha512-4QSW/VvXuqVcFZ+RhxiR8/newmwOCTlbYIezvkeN6302YFRE8cXy0naamHcjz8Y9Ce3ITTZtrHrIL0AGfyo61w=="
  "resolved" "https://registry.npmjs.org/svelte-hmr/-/svelte-hmr-0.14.12.tgz"
  "version" "0.14.12"

"svelte-navigator@^3.1.6":
  "integrity" "sha512-abIVURPuWAGSGZLQut2amyI30skc8IOrukaf5lcmnJ6/3E1bPEiNcsgss1TuXkZjjrSRZYTkelpCo/NSIE78cQ=="
  "resolved" "https://registry.npmjs.org/svelte-navigator/-/svelte-navigator-3.1.6.tgz"
  "version" "3.1.6"
  dependencies:
    "svelte2tsx" "^0.1.151"

"svelte-stars-rating@^1.0.3":
  "integrity" "sha512-sju/MHtylb+/EPFDJby+QHkFm69/+OkcnBj2w6gr7dLRj2vj4MUgi1hVMDnnXMHyWHKP4Sd9eUnHDhnlFFnKZQ=="
  "resolved" "https://registry.npmjs.org/svelte-stars-rating/-/svelte-stars-rating-1.0.3.tgz"
  "version" "1.0.3"

"svelte@^3.0.0", "svelte@^3.24", "svelte@^3.44.0", "svelte@>=3.19.0", "svelte@3.x":
  "integrity" "sha512-fN2YRm/bGumvjUpu6yI3BpvZnpIm9I6A7HR4oUNYd7ggYyIwSA/BX7DJ+UXXffLp6XNcUijyLvttbPVCYa/3xQ=="
  "resolved" "https://registry.npmjs.org/svelte/-/svelte-3.48.0.tgz"
  "version" "3.48.0"

"svelte2tsx@^0.1.151":
  "integrity" "sha512-vzy4YQNYDnoqp2iZPnJy7kpPAY6y121L0HKrSBjU/IWW7DQ6T7RMJed2VVHFmVYm0zAGYMDl9urPc6R4DDUyhg=="
  "resolved" "https://registry.npmjs.org/svelte2tsx/-/svelte2tsx-0.1.193.tgz"
  "version" "0.1.193"
  dependencies:
    "dedent-js" "^1.0.1"
    "pascal-case" "^3.1.1"

"tslib@^2.0.3":
  "integrity" "sha512-d6xOpEDfsi2CZVlPQzGeux8XMwLT9hssAsaPYExaQMuYskwb+x1x7J371tWlbBdWHroy99KnVB6qIkUbs5X3UQ=="
  "resolved" "https://registry.npmjs.org/tslib/-/tslib-2.4.0.tgz"
  "version" "2.4.0"

"typescript@^4.1.2":
  "integrity" "sha512-WOkT3XYvrpXx4vMMqlD+8R8R37fZkjyLGlxavMc4iB8lrl8L0DeTcHbYgw/v0N/z9wAFsgBhcsF0ruoySS22mA=="
  "resolved" "https://registry.npmjs.org/typescript/-/typescript-4.7.3.tgz"
  "version" "4.7.3"

"vite@^2.9.0", "vite@^2.9.9":
  "integrity" "sha512-suxC36dQo9Rq1qMB2qiRorNJtJAdxguu5TMvBHOc/F370KvqAe9t48vYp+/TbPKRNrMh/J55tOUmkuIqstZaew=="
  "resolved" "https://registry.npmjs.org/vite/-/vite-2.9.12.tgz"
  "version" "2.9.12"
  dependencies:
    "esbuild" "^0.14.27"
    "postcss" "^8.4.13"
    "resolve" "^1.22.0"
    "rollup" "^2.59.0"
  optionalDependencies:
    "fsevents" "~2.3.2"
